
Microsoft Visual Studio Solution File, Format Version 12.00
# Visual Studio 15
VisualStudioVersion = 15.0.26403.7
MinimumVisualStudioVersion = 10.0.40219.1
Project("{FAE04EC0-301F-11D3-BF4B-00C04F79EFBC}") = "BarCrawler", "BarCrawler\BarCrawler.csproj", "{7C0AD712-0CAE-4489-A003-05501B004B86}"
EndProject
Project("{FAE04EC0-301F-11D3-BF4B-00C04F79EFBC}") = "BarCrawler.Tests", "BarCrawler.Tests\BarCrawler.Tests.csproj", "{4CB25A68-E83D-458F-8116-D407533974BE}"
EndProject
Global
	GlobalSection(SolutionConfigurationPlatforms) = preSolution
		Debug|Any CPU = Debug|Any CPU
		Release|Any CPU = Release|Any CPU
	EndGlobalSection
	GlobalSection(ProjectConfigurationPlatforms) = postSolution
		{7C0AD712-0CAE-4489-A003-05501B004B86}.Debug|Any CPU.ActiveCfg = Debug|Any CPU
		{7C0AD712-0CAE-4489-A003-05501B004B86}.Debug|Any CPU.Build.0 = Debug|Any CPU
		{7C0AD712-0CAE-4489-A003-05501B004B86}.Release|Any CPU.ActiveCfg = Release|Any CPU
		{7C0AD712-0CAE-4489-A003-05501B004B86}.Release|Any CPU.Build.0 = Release|Any CPU
		{4CB25A68-E83D-458F-8116-D407533974BE}.Debug|Any CPU.ActiveCfg = Debug|Any CPU
		{4CB25A68-E83D-458F-8116-D407533974BE}.Debug|Any CPU.Build.0 = Debug|Any CPU
		{4CB25A68-E83D-458F-8116-D407533974BE}.Release|Any CPU.ActiveCfg = Release|Any CPU
		{4CB25A68-E83D-458F-8116-D407533974BE}.Release|Any CPU.Build.0 = Release|Any CPU
	EndGlobalSection
	GlobalSection(SolutionProperties) = preSolution
		HideSolutionNode = FALSE
	EndGlobalSection
EndGlobal
